<?xml version="1.0" encoding="utf-8"?>
<Project ToolsVersion="4.0" xmlns="http://schemas.microsoft.com/developer/msbuild/2003">
  <ItemGroup>
    <ClCompile Include="main.cpp" />
    <ClCompile Include="..\external\imgui\imgui_impl_opengl3.cpp">
      <Filter>imgui</Filter>
    </ClCompile>
    <ClCompile Include="..\external\imgui\imgui_tables.cpp">
      <Filter>imgui</Filter>
    </ClCompile>
    <ClCompile Include="..\external\imgui\imgui_widgets.cpp">
      <Filter>imgui</Filter>
    </ClCompile>
    <ClCompile Include="..\external\imgui\imgui.cpp">
      <Filter>imgui</Filter>
    </ClCompile>
    <ClCompile Include="..\external\imgui\imgui_demo.cpp">
      <Filter>imgui</Filter>
    </ClCompile>
    <ClCompile Include="..\external\imgui\imgui_draw.cpp">
      <Filter>imgui</Filter>
    </ClCompile>
    <ClCompile Include="..\external\imgui\imgui_impl_glfw.cpp">
      <Filter>imgui</Filter>
    </ClCompile>
    <ClCompile Include="..\StackerDemo.cpp">
      <Filter>imstacker</Filter>
    </ClCompile>
    <ClCompile Include="..\StackerUI.cpp">
      <Filter>imstacker</Filter>
    </ClCompile>
    <ClCompile Include="..\CppStackerBox.cpp">
      <Filter>imstacker</Filter>
    </ClCompile>
  </ItemGroup>
  <ItemGroup>
    <Filter Include="imgui">
      <UniqueIdentifier>{3d472d36-c090-4743-8026-d856a0ba93c5}</UniqueIdentifier>
    </Filter>
    <Filter Include="glfw">
      <UniqueIdentifier>{834a64f9-8e31-4f17-a82a-82e309de46f6}</UniqueIdentifier>
    </Filter>
    <Filter Include="imstacker">
      <UniqueIdentifier>{69c52001-39e3-4fdf-8364-0f0c50b0a053}</UniqueIdentifier>
    </Filter>
  </ItemGroup>
  <ItemGroup>
    <ClInclude Include="..\external\imgui\imgui_impl_opengl3.h">
      <Filter>imgui</Filter>
    </ClInclude>
    <ClInclude Include="..\external\imgui\imgui_impl_opengl3_loader.h">
      <Filter>imgui</Filter>
    </ClInclude>
    <ClInclude Include="..\external\imgui\imgui_internal.h">
      <Filter>imgui</Filter>
    </ClInclude>
    <ClInclude Include="..\external\imgui\imstb_rectpack.h">
      <Filter>imgui</Filter>
    </ClInclude>
    <ClInclude Include="..\external\imgui\imstb_textedit.h">
      <Filter>imgui</Filter>
    </ClInclude>
    <ClInclude Include="..\external\imgui\imstb_truetype.h">
      <Filter>imgui</Filter>
    </ClInclude>
    <ClInclude Include="..\external\imgui\imconfig.h">
      <Filter>imgui</Filter>
    </ClInclude>
    <ClInclude Include="..\external\imgui\imgui.h">
      <Filter>imgui</Filter>
    </ClInclude>
    <ClInclude Include="..\external\imgui\imgui_impl_glfw.h">
      <Filter>imgui</Filter>
    </ClInclude>
    <ClInclude Include="..\CppStackerBox.h">
      <Filter>imstacker</Filter>
    </ClInclude>
    <ClInclude Include="..\StackerUI.h">
      <Filter>imstacker</Filter>
    </ClInclude>
  </ItemGroup>
  <ItemGroup>
    <Library Include="..\external\glfw\lib-vc2019\glfw3dll.lib">
      <Filter>glfw</Filter>
    </Library>
    <Library Include="..\external\glfw\lib-vc2019\glfw3.lib">
      <Filter>glfw</Filter>
    </Library>
    <Library Include="..\external\glfw\lib-vc2019\glfw3_mt.lib">
      <Filter>glfw</Filter>
    </Library>
  </ItemGroup>
</Project>